version = 1
revision = 3
requires-python = "==3.14.*"
resolution-markers = [
    "platform_machine == 'arm64' and sys_platform == 'darwin'",
    "platform_machine == 'x86_64' and sys_platform == 'linux'",
]
supported-markers = [
    "platform_machine == 'arm64' and sys_platform == 'darwin'",
    "platform_machine == 'x86_64' and sys_platform == 'linux'",
]

[[package]]
name = "filelock"
version = "3.32.7"
source = { registry = "https://pypi.org/simple" }
sdist = { url = "https://files.pythonhosted.org/packages/0f/59/e19834834cb01a32febfbb0f8a23a9088088f5d45991824ff2bc3b5e8acb/filelock-3.32.7.tar.gz", hash = "sha256:37b8a3d9811b0f9aef7e5ec5c71bb320de52df51e6ca9bcd6f5ad81187660da7", size = 225154, upload-time = "2026-09-16T00:24:20.907Z" }
wheels = [
    { url = "https://files.pythonhosted.org/packages/15/df/31098c5aeb4d966b553641472bd55fcf5fdfac953549894b8a765ba44e91/filelock-3.32.7-py3-none-any.whl", hash = "sha256:65ff0d0190ea42038b32bda4b77834fb05be2cad4c5b9b01aa4dfb3614536e52", size = 100157, upload-time = "2026-09-16T00:24:19.543Z" },
]

[[package]]
name = "fsspec"
version = "2026.7.0"
source = { registry = "https://pypi.org/simple" }
sdist = { url = "https://files.pythonhosted.org/packages/00/78/f34251dadb8f3921264a1d9b8946f5e542014ee2614b285261b4e40e6775/fsspec-2026.7.0.tar.gz", hash = "sha256:c803c40f4cf860b49dea58ee3e1c33cb9c790520e233537e1340049f89b82a88", size = 317040, upload-time = "2026-07-28T16:34:51.052Z" }
wheels = [
    { url = "https://files.pythonhosted.org/packages/fd/3c/6a2bf344106328fd04963664a60b9bb6496fc25df8e962fcdc1367285fb9/fsspec-2026.7.0-py3-none-any.whl", hash = "sha256:b57ddbafedfaef7018c1ecab32aa200a9d7ca26b77965f64e48b70061249d279", size = 206583, upload-time = "2026-07-28T16:34:49.538Z" },
]

[[package]]
name = "hatchling"
version = "1.32.0"
source = { registry = "https://pypi.org/simple" }
dependencies = [
    { name = "packaging" },
    { name = "pathspec" },
    { name = "pluggy" },
    { name = "tomlkit" },
    { name = "trove-classifiers" },
]
sdist = { url = "https://files.pythonhosted.org/packages/69/08/33331757185504aae48b8d9bd78cec03a76e3aecfb52e549d05a2347c0dd/hatchling-1.32.0.tar.gz", hash = "sha256:0bdbde4a52b06c37e3eca395f85a762bf0ef06fe374fd8ae429dc6be10230f5f", size = 57783, upload-time = "2026-08-11T05:03:44.114Z" }
wheels = [
    { url = "https://files.pythonhosted.org/packages/a9/84/1798b6d85ecde0e31546004efd25c5de1b1f49250644a60cce460e12593a/hatchling-1.32.0-py3-none-any.whl", hash = "sha256:0e17c9c3b9aa7c625acc8d0f5b622f107d5049af9ecf5ada4de1aada5be7cdbc", size = 78435, upload-time = "2026-08-11T05:03:42.644Z" },
]

[[package]]
name = "iniconfig"
version = "2.3.0"
source = { registry = "https://pypi.org/simple" }
sdist = { url = "https://files.pythonhosted.org/packages/72/34/14ca021ce8e5dfedc35312d08ba8bf51fdd999c576889fc2c24cb97f4f10/iniconfig-2.3.0.tar.gz", hash = "sha256:c76315c77db068650d49c5b56314774a7804df16fee4402c1f19d6d15d8c4730", size = 20503, upload-time = "2025-10-18T21:55:43.219Z" }
wheels = [
    { url = "https://files.pythonhosted.org/packages/cb/b1/3846dd7f199d53cb17f49cba7e651e9ce294d8497c8c150530ed11865bb8/iniconfig-2.3.0-py3-none-any.whl", hash = "sha256:f631c04d2c48c52b84d0d0549c99ff3859c98df65b3101406327ecc7d53fbf12", size = 7484, upload-time = "2025-10-18T21:55:41.639Z" },
]

[[package]]
name = "jinja2"
version = "3.1.6"
source = { registry = "https://pypi.org/simple" }
dependencies = [
    { name = "markupsafe" },
]
sdist = { url = "https://files.pythonhosted.org/packages/df/bf/f7da0350254c0ed7c72f3e33cef02e048281fec7ecec5f032d4aac52226b/jinja2-3.1.6.tar.gz", hash = "sha256:0137fb05990d35f1275a587e9aee6d56da821fc83491a0fb838183be43f66d6d", size = 245115, upload-time = "2025-03-05T20:05:02.478Z" }
wheels = [
    { url = "https://files.pythonhosted.org/packages/62/a1/3d680cbfd5f4b8f15abc1d571870c5fc3e594bb582bc3b64ea099db13e56/jinja2-3.1.6-py3-none-any.whl", hash = "sha256:85ece4451f492d0c13c5dd7c13a64681a86afae63a5f347908daf103ce6d2f67", size = 134899, upload-time = "2025-03-05T20:05:00.369Z" },
]

[[package]]
name = "latos"
version = "0.1.0"
source = { editable = "." }
dependencies = [
    { name = "numpy" },
    { name = "torch", version = "2.14.0", source = { registry = "https://pypi.org/simple" }, marker = "sys_platform != 'linux'" },
    { name = "torch", version = "2.14.0+cpu", source = { registry = "https://download.pytorch.org/whl/cpu" }, marker = "sys_platform == 'linux'" },
]

[package.dev-dependencies]
dev = [
    { name = "hatchling" },
    { name = "pytest" },
    { name = "ruff" },
]

[package.metadata]
requires-dist = [
    { name = "numpy", specifier = "==2.5.3" },
    { name = "torch", marker = "sys_platform != 'linux'", specifier = "==2.14.0" },
    { name = "torch", marker = "sys_platform == 'linux'", specifier = "==2.14.0", index = "https://download.pytorch.org/whl/cpu" },
]

[package.metadata.requires-dev]
dev = [
    { name = "hatchling", specifier = "==1.32.0" },
    { name = "pytest", specifier = "==9.1.1" },
    { name = "ruff", specifier = "==0.16.8" },
]

[[package]]
name = "markupsafe"
version = "3.0.3"
source = { registry = "https://pypi.org/simple" }
sdist = { url = "https://files.pythonhosted.org/packages/7e/99/7690b6d4034fffd95959cbe0c02de8deb3098cc577c67bb6a24fe5d7caa7/markupsafe-3.0.3.tar.gz", hash = "sha256:722695808f4b6457b320fdc131280796bdceb04ab50fe1795cd540799ebe1698", size = 80313, upload-time = "2025-09-27T18:37:40.426Z" }
wheels = [
    { url = "https://files.pythonhosted.org/packages/b5/64/7660f8a4a8e53c924d0fa05dc3a55c9cee10bbd82b11c5afb27d44b096ce/markupsafe-3.0.3-cp314-cp314-macosx_11_0_arm64.whl", hash = "sha256:c47a551199eb8eb2121d4f0f15ae0f923d31350ab9280078d1e5f12b249e0026", size = 12029, upload-time = "2025-09-27T18:37:07.213Z" },
    { url = "https://files.pythonhosted.org/packages/41/3c/a36c2450754618e62008bf7435ccb0f88053e07592e6028a34776213d877/markupsafe-3.0.3-cp314-cp314-manylinux2014_x86_64.manylinux_2_17_x86_64.manylinux_2_28_x86_64.whl", hash = "sha256:457a69a9577064c05a97c41f4e65148652db078a3a509039e64d3467b9e7ef97", size = 23005, upload-time = "2025-09-27T18:37:10.58Z" },
    { url = "https://files.pythonhosted.org/packages/ff/0e/53dfaca23a69fbfbbf17a4b64072090e70717344c52eaaaa9c5ddff1e5f0/markupsafe-3.0.3-cp314-cp314-musllinux_1_2_x86_64.whl", hash = "sha256:2713baf880df847f2bece4230d4d094280f4e67b1e813eec43b4c0e144a34ffe", size = 23043, upload-time = "2025-09-27T18:37:14.408Z" },
    { url = "https://files.pythonhosted.org/packages/89/c3/2e67a7ca217c6912985ec766c6393b636fb0c2344443ff9d91404dc4c79f/markupsafe-3.0.3-cp314-cp314t-macosx_11_0_arm64.whl", hash = "sha256:1085e7fbddd3be5f89cc898938f42c0b3c711fdcb37d75221de2666af647c175", size = 12069, upload-time = "2025-09-27T18:37:19.332Z" },
    { url = "https://files.pythonhosted.org/packages/50/09/c419f6f5a92e5fadde27efd190eca90f05e1261b10dbd8cbcb39cd8ea1dc/markupsafe-3.0.3-cp314-cp314t-manylinux2014_x86_64.manylinux_2_17_x86_64.manylinux_2_28_x86_64.whl", hash = "sha256:fed51ac40f757d41b7c48425901843666a6677e3e8eb0abcff09e4ba6e664f50", size = 23598, upload-time = "2025-09-27T18:37:21.177Z" },
    { url = "https://files.pythonhosted.org/packages/14/c7/ca723101509b518797fedc2fdf79ba57f886b4aca8a7d31857ba3ee8281f/markupsafe-3.0.3-cp314-cp314t-musllinux_1_2_x86_64.whl", hash = "sha256:5678211cb9333a6468fb8d8be0305520aa073f50d17f089b5b4b477ea6e67fdc", size = 23672, upload-time = "2025-09-27T18:37:25.271Z" },
]

[[package]]
name = "mpmath"
version = "1.3.0"
source = { registry = "https://pypi.org/simple" }
sdist = { url = "https://files.pythonhosted.org/packages/e0/47/dd32fa426cc72114383ac549964eecb20ecfd886d1e5ccf5340b55b02f57/mpmath-1.3.0.tar.gz", hash = "sha256:7a28eb2a9774d00c7bc92411c19a89209d5da7c4c9a9e227be8330a23a25b91f", size = 508106, upload-time = "2023-03-07T16:47:11.061Z" }
wheels = [
    { url = "https://files.pythonhosted.org/packages/43/e3/7d92a15f894aa0c9c4b49b8ee9ac9850d6e63b03c9c32c0367a13ae62209/mpmath-1.3.0-py3-none-any.whl", hash = "sha256:a0b2b9fe80bbcd81a6647ff13108738cfb482d481d826cc0e02f5b35e5c88d2c", size = 536198, upload-time = "2023-03-07T16:47:09.197Z" },
]

[[package]]
name = "networkx"
version = "3.6.1"
source = { registry = "https://pypi.org/simple" }
sdist = { url = "https://files.pythonhosted.org/packages/6a/51/63fe664f3908c97be9d2e4f1158eb633317598cfa6e1fc14af5383f17512/networkx-3.6.1.tar.gz", hash = "sha256:26b7c357accc0c8cde558ad486283728b65b6a95d85ee1cd66bafab4c8168509", size = 2517025, upload-time = "2025-12-08T17:02:39.908Z" }
wheels = [
    { url = "https://files.pythonhosted.org/packages/9e/c9/b2622292ea83fbb4ec318f5b9ab867d0a28ab43c5717bb85b0a5f6b3b0a4/networkx-3.6.1-py3-none-any.whl", hash = "sha256:d47fbf302e7d9cbbb9e2555a0d267983d2aa476bac30e90dfbe5669bd57f3762", size = 2068504, upload-time = "2025-12-08T17:02:38.159Z" },
]

[[package]]
name = "numpy"
version = "2.5.3"
source = { registry = "https://pypi.org/simple" }
sdist = { url = "https://files.pythonhosted.org/packages/13/01/11703282db468b85f6f7b8c7f22d058de5970d5c7e60a3a8aaa313c3de36/numpy-2.5.3.tar.gz", hash = "sha256:df2d5874ff183595a4ba404edd04f6bd9b5505c1d7708573f6a6c17489a67563", size = 20791231, upload-time = "2026-09-06T16:27:47.073Z" }
wheels = [
    { url = "https://files.pythonhosted.org/packages/9e/59/abcc2d8def4fd60eec7d87f92d27c13448ffd9ab14339bcc63a0d7a2fdea/numpy-2.5.3-cp314-cp314-macosx_11_0_arm64.whl", hash = "sha256:012e66aca395d795496446e52aeeb5866312a5d4d3f27da270e5a0b43f70dc5c", size = 12013862, upload-time = "2026-09-06T16:25:36.748Z" },
    { url = "https://files.pythonhosted.org/packages/94/75/4640d2d6e4b64a049e48425a82728a41ef4adb61332d2cba68055774878b/numpy-2.5.3-cp314-cp314-macosx_14_0_arm64.whl", hash = "sha256:adc1ada2662f8a5f960b8a10d9986897e7499ef07e06d4cfe7197f8cce923c07", size = 5449793, upload-time = "2026-09-06T16:25:39.476Z" },
    { url = "https://files.pythonhosted.org/packages/45/8f/9beacf79ca7c650688ad0baa80931adb988fe6e6e5d5903c23cc3dbd70eb/numpy-2.5.3-cp314-cp314-manylinux_2_27_x86_64.manylinux_2_28_x86_64.whl", hash = "sha256:b0521d0f4aebb6e06189451025fa17a913287b13c03d5fe05c017333b654ea5b", size = 16711928, upload-time = "2026-09-06T16:25:48.461Z" },
    { url = "https://files.pythonhosted.org/packages/08/1e/0dfbc5cc251d54e2af790f254d24ec38637fa97ec7d5d11de7ffed787098/numpy-2.5.3-cp314-cp314-musllinux_1_2_x86_64.whl", hash = "sha256:b00eefbcf0f292945c4b4dec2ae845389ef5bcdcd596e6e4328051db5b5ba694", size = 18471002, upload-time = "2026-09-06T16:25:55.233Z" },
    { url = "https://files.pythonhosted.org/packages/49/c4/af8bc08a7ef4e1529a7c0cf24969accce316b783999802089a581ec99272/numpy-2.5.3-cp314-cp314t-macosx_11_0_arm64.whl", hash = "sha256:ac7bb1c52d445bd4f8f7f97fefe6abc3a084dc4d63df50d79b17fa2b78e89297", size = 12132668, upload-time = "2026-09-06T16:26:07.138Z" },
    { url = "https://files.pythonhosted.org/packages/c5/ae/0f15eb56d4ec5e13c1f7ff04ff407f997d1acbadb45d3e1f2e2645a8f43c/numpy-2.5.3-cp314-cp314t-macosx_14_0_arm64.whl", hash = "sha256:e6ab667ba76450084eb64013762c438ea76d9d29cc676dcd6c2e9892ba37f841", size = 5568580, upload-time = "2026-09-06T16:26:09.828Z" },
    { url = "https://files.pythonhosted.org/packages/59/08/9df04103947b95e3b6b1f2ed1a70521f325647a31b82da6a2aae3a485508/numpy-2.5.3-cp314-cp314t-manylinux_2_27_x86_64.manylinux_2_28_x86_64.whl", hash = "sha256:93e1f5447e2b1e479d7bd74701e84746b86450cff1fc368b132d195e2b8f8211", size = 16746748, upload-time = "2026-09-06T16:26:18.43Z" },
    { url = "https://files.pythonhosted.org/packages/c4/a6/d7e96e42f01522e154c32489640f16dfc4f6181d165d05fc3bec8c2c4999/numpy-2.5.3-cp314-cp314t-musllinux_1_2_x86_64.whl", hash = "sha256:536f963710a4e63934d80ac0dc4f478804a83e9a84b6828018f25d09953ada33", size = 18513945, upload-time = "2026-09-06T16:26:25.401Z" },
]

[[package]]
name = "packaging"
version = "26.3"
source = { registry = "https://pypi.org/simple" }
sdist = { url = "https://files.pythonhosted.org/packages/7d/fa/3944b40b07da9ce895c0e6303a5ab7d53da063554f534556b134a54d6093/packaging-26.3.tar.gz", hash = "sha256:94edc256424af38762eb31306eed28beb9f0efc50a8837492c9d6fd6004aed79", size = 313412, upload-time = "2026-08-04T18:15:28.737Z" }
wheels = [
    { url = "https://files.pythonhosted.org/packages/63/34/ba1c580383c9eada3711951fef0795c80b829a078d72188184bcab9dd527/packaging-26.3-py3-none-any.whl", hash = "sha256:d7193f7c8e4e93f444fde0262bf90af30e16fa0ad0ad44cb553c87339b23cd1c", size = 129956, upload-time = "2026-08-04T18:15:27.159Z" },
]

[[package]]
name = "pathspec"
version = "1.1.1"
source = { registry = "https://pypi.org/simple" }
sdist = { url = "https://files.pythonhosted.org/packages/5a/82/42f767fc1c1143d6fd36efb827202a2d997a375e160a71eb2888a925aac1/pathspec-1.1.1.tar.gz", hash = "sha256:17db5ecd524104a120e173814c90367a96a98d07c45b2e10c2f3919fff91bf5a", size = 135180, upload-time = "2026-04-27T01:46:08.907Z" }
wheels = [
    { url = "https://files.pythonhosted.org/packages/f1/d9/7fb5aa316bc299258e68c73ba3bddbc499654a07f151cba08f6153988714/pathspec-1.1.1-py3-none-any.whl", hash = "sha256:a00ce642f577bf7f473932318056212bc4f8bfdf53128c78bbd5af0b9b20b189", size = 57328, upload-time = "2026-04-27T01:46:07.06Z" },
]

[[package]]
name = "pluggy"
version = "1.6.0"
source = { registry = "https://pypi.org/simple" }
sdist = { url = "https://files.pythonhosted.org/packages/f9/e2/3e91f31a7d2b083fe6ef3fa267035b518369d9511ffab804f839851d2779/pluggy-1.6.0.tar.gz", hash = "sha256:7dcc130b76258d33b90f61b658791dede3486c3e6bfb003ee5c9bfb396dd22f3", size = 69412, upload-time = "2025-05-15T12:30:07.975Z" }
wheels = [
    { url = "https://files.pythonhosted.org/packages/54/20/4d324d65cc6d9205fabedc306948156824eb9f0ee1633355a8f7ec5c66bf/pluggy-1.6.0-py3-none-any.whl", hash = "sha256:e920276dd6813095e9377c0bc5566d94c932c33b27a3e3945d8389c374dd4746", size = 20538, upload-time = "2025-05-15T12:30:06.134Z" },
]

[[package]]
name = "pygments"
version = "2.21.0"
source = { registry = "https://pypi.org/simple" }
sdist = { url = "https://files.pythonhosted.org/packages/49/2e/ced460408999b33da6b31b0021b0f37d329e202d4169aeb164493778f25b/pygments-2.21.0.tar.gz", hash = "sha256:610ca751c9bc2492b38eb9a38a7fbc93edbbb2d7182edaf34e66ae493dee5c8c", size = 5005329, upload-time = "2026-08-17T08:02:48.824Z" }
wheels = [
    { url = "https://files.pythonhosted.org/packages/71/46/17f022dd3e953bf20a04a028a21ec746d942f8d2af30fa0f124fa0e6a684/pygments-2.21.0-py3-none-any.whl", hash = "sha256:2363c69b61c4a97c838da3b130dcd6468f4848992b21a82f2a63ec34377137d9", size = 1250147, upload-time = "2026-08-17T08:02:44.912Z" },
]

[[package]]
name = "pytest"
version = "9.1.1"
source = { registry = "https://pypi.org/simple" }
dependencies = [
    { name = "iniconfig" },
    { name = "packaging" },
    { name = "pluggy" },
    { name = "pygments" },
]
sdist = { url = "https://files.pythonhosted.org/packages/e4/47/b9efed96c114afcfa3c9d3fe98a76a1d14c74a9e266d397cf6eb64be5e01/pytest-9.1.1.tar.gz", hash = "sha256:1088fbde8f2b49d95a549a195707afa7a76a3ce9bcadc26b6d71f0ffda5fe313", size = 1636369, upload-time = "2026-06-19T10:58:32.857Z" }
wheels = [
    { url = "https://files.pythonhosted.org/packages/24/25/1de2678b631f5a49215c6c96fff41ba892b0a34df68d6d80292b1b48aa7f/pytest-9.1.1-py3-none-any.whl", hash = "sha256:37a86b45efb9a47a61a36449063e8e18d0cab3161329fc099eb21783169c4f0c", size = 386536, upload-time = "2026-06-19T10:58:31.347Z" },
]

[[package]]
name = "ruff"
version = "0.16.8"
source = { registry = "https://pypi.org/simple" }
sdist = { url = "https://files.pythonhosted.org/packages/ba/78/449cb84790bd5cc3823b2652ee405a4558856e5c4195aee3a16bf7b3eb5d/ruff-0.16.8.tar.gz", hash = "sha256:9247bf92b5f04d825c8639a4fe423ec2e4222acd9222e58412b0dab7e442798b", size = 4938814, upload-time = "2026-09-16T15:54:46.688Z" }
wheels = [
    { url = "https://files.pythonhosted.org/packages/fe/1f/e6a712e3b47cad4a40600134105ed193cb773f618a42eb7ba323cb812cc0/ruff-0.16.8-py3-none-macosx_11_0_arm64.whl", hash = "sha256:7ea781c7f2afba8c6a505ea0fb3f994020249e0c450635f5381286fea6b46170", size = 9830004, upload-time = "2026-09-16T15:54:03.998Z" },
    { url = "https://files.pythonhosted.org/packages/1a/41/d83af9879a7b6e8bf5fe16b1da0b134049d2f5d3afac12defb0897cb84bd/ruff-0.16.8-py3-none-manylinux_2_17_x86_64.manylinux2014_x86_64.whl", hash = "sha256:15e7d226246961db9235098333caa13063906d3851136b84c2900b82f5daa1df", size = 10323796, upload-time = "2026-09-16T15:54:20.743Z" },
    { url = "https://files.pythonhosted.org/packages/2b/c4/8aa6ea0bdcedbd1bf87397e2fc4ed8406448ea5842f8660bc6e5f163039d/ruff-0.16.8-py3-none-musllinux_1_2_x86_64.whl", hash = "sha256:efa3e7a16d1baaa79957888dfdf8be9ef2e44db81cb032af06d76632ab59e773", size = 10663666, upload-time = "2026-09-16T15:54:34.838Z" },
]

[[package]]
name = "setuptools"
version = "84.0.0"
source = { registry = "https://pypi.org/simple" }
sdist = { url = "https://files.pythonhosted.org/packages/6d/44/f5da03a8ef95d369145c5bb53050e7877c9f3d312e128605fd9504829143/setuptools-84.0.0.tar.gz", hash = "sha256:f4695c21257f0d9b537ec2692c941d02ee143b7cc1276941349a546573b2ef73", size = 1168449, upload-time = "2026-08-08T18:27:58.365Z" }
wheels = [
    { url = "https://files.pythonhosted.org/packages/95/9c/c510029fc6ef33a6275cd2c5d3cecd6613dfd6aa401d57c54f1c18852ccf/setuptools-84.0.0-py3-none-any.whl", hash = "sha256:51a52592b3b99e102b609654876bd65f19f999935166d1352678931132b0c670", size = 818216, upload-time = "2026-08-08T18:27:56.719Z" },
]

[[package]]
name = "sympy"
version = "1.14.0"
source = { registry = "https://pypi.org/simple" }
dependencies = [
    { name = "mpmath" },
]
sdist = { url = "https://files.pythonhosted.org/packages/83/d3/803453b36afefb7c2bb238361cd4ae6125a569b4db67cd9e79846ba2d68c/sympy-1.14.0.tar.gz", hash = "sha256:d3d3fe8df1e5a0b42f0e7bdf50541697dbe7d23746e894990c030e2b05e72517", size = 7793921, upload-time = "2025-04-27T18:05:01.611Z" }
wheels = [
    { url = "https://files.pythonhosted.org/packages/a2/09/77d55d46fd61b4a135c444fc97158ef34a095e5681d0a6c10b75bf356191/sympy-1.14.0-py3-none-any.whl", hash = "sha256:e091cc3e99d2141a0ba2847328f5479b05d94a6635cb96148ccb3f34671bd8f5", size = 6299353, upload-time = "2025-04-27T18:04:59.103Z" },
]

[[package]]
name = "tomlkit"
version = "0.15.1"
source = { registry = "https://pypi.org/simple" }
sdist = { url = "https://files.pythonhosted.org/packages/94/96/e07752635b98536177fa1f37671c8f3cdde2e724c6bcf6034b2cfb571565/tomlkit-0.15.1.tar.gz", hash = "sha256:e25bbf38843005246210a12982776f27f99cb9be67160e14434d0c0d21ee1e97", size = 180129, upload-time = "2026-07-17T01:48:04.562Z" }
wheels = [
    { url = "https://files.pythonhosted.org/packages/13/bc/8c13eb66537dce1d2bd3a57132902f38d0e7f5bb46fa9f4daed9fe9d76ee/tomlkit-0.15.1-py3-none-any.whl", hash = "sha256:177a05aece5a8ca5266fd3c448abb47b8d352f09d477d3ca8332db4d89b24304", size = 49449, upload-time = "2026-07-17T01:48:05.728Z" },
]

[[package]]
name = "torch"
version = "2.14.0"
source = { registry = "https://pypi.org/simple" }
resolution-markers = [
    "platform_machine == 'arm64' and sys_platform == 'darwin'",
]
dependencies = [
    { name = "filelock" },
    { name = "fsspec" },
    { name = "jinja2" },
    { name = "networkx" },
    { name = "setuptools" },
    { name = "sympy" },
    { name = "typing-extensions" },
]
wheels = [
    { url = "https://files.pythonhosted.org/packages/ee/90/1241e7db5ccc2455f8735bd6b1becfad39916206ad18001c4c0014d139e2/torch-2.14.0-cp314-cp314-macosx_14_0_arm64.whl", hash = "sha256:860423e970f2ce02c4476e8e2d1350131b1c5c5a5e4912180e78b50b53241efa", size = 127321431, upload-time = "2026-09-02T13:44:38.236Z" },
    { url = "https://files.pythonhosted.org/packages/a5/49/bbaee76337742a42d2c5b0296ea62252567050e1d821bc2283b2e72ba6fb/torch-2.14.0-cp314-cp314t-macosx_14_0_arm64.whl", hash = "sha256:553aec938d37d77b783bcf801e638cad068870e7643c47eadac21eb180f551ed", size = 127653463, upload-time = "2026-09-02T13:45:17.1Z" },
]

[[package]]
name = "torch"
version = "2.14.0+cpu"
source = { registry = "https://download.pytorch.org/whl/cpu" }
resolution-markers = [
    "platform_machine == 'x86_64' and sys_platform == 'linux'",
]
dependencies = [
    { name = "filelock" },
    { name = "fsspec" },
    { name = "jinja2" },
    { name = "networkx" },
    { name = "setuptools" },
    { name = "sympy" },
    { name = "typing-extensions" },
]
wheels = [
    { url = "https://download-r2.pytorch.org/whl/cpu/torch-2.14.0%2Bcpu-cp314-cp314-manylinux_2_28_x86_64.whl", hash = "sha256:f152f41dc5dc462afe0de780e451ebb47ea8b4451f8f919f9537aa8e2cbe1d7e", upload-time = "2026-09-02T18:32:29Z" },
    { url = "https://download-r2.pytorch.org/whl/cpu/torch-2.14.0%2Bcpu-cp314-cp314t-manylinux_2_28_x86_64.whl", hash = "sha256:2baf9cbaef964d821465df0c53a91cc01b2d0ea29ebd199e2f9c7d27a7fc70a4", upload-time = "2026-09-02T18:32:48Z" },
]

[[package]]
name = "trove-classifiers"
version = "2026.6.1.19"
source = { registry = "https://pypi.org/simple" }
sdist = { url = "https://files.pythonhosted.org/packages/c2/e3/7ca82ee24c82d344584abd5b8637b3bd056f2900226e8d82fc22f1184b92/trove_classifiers-2026.6.1.19.tar.gz", hash = "sha256:c5132b4b61a829d11cfbd2d72e97f20a45ed6edb95e45c5efdeb5e00836b2745", size = 17059, upload-time = "2026-06-01T19:41:34.649Z" }
wheels = [
    { url = "https://files.pythonhosted.org/packages/7c/a4/81502f486f01db95bc8320646a8a12511f5e556cb63d5e224d91816605c4/trove_classifiers-2026.6.1.19-py3-none-any.whl", hash = "sha256:ab4c4ec93cc4a4e7815fa759906e05e6bb3f2fbd92ea0f897288c6a43efd15b3", size = 14211, upload-time = "2026-06-01T19:41:33.434Z" },
]

[[package]]
name = "typing-extensions"
version = "4.16.0"
source = { registry = "https://pypi.org/simple" }
sdist = { url = "https://files.pythonhosted.org/packages/f6/cc/6253133b5bb138fc3306cebfbda2c520f545d36b5be2c7255cc528bb45d6/typing_extensions-4.16.0.tar.gz", hash = "sha256:dc983d19a509c94dba722ee6abd33940f7c05a89e243c47e907eb4db6f1a43e5", size = 113555, upload-time = "2026-07-02T08:40:05.92Z" }
wheels = [
    { url = "https://files.pythonhosted.org/packages/49/d3/b8441a820a491ddfc024b0b0cf0393375b75ea13866d9c66727e54c2fc80/typing_extensions-4.16.0-py3-none-any.whl", hash = "sha256:481caa481374e813c1b176ada14e97f1f67a4539ce9cfeb3f350d78d6370c2e8", size = 45571, upload-time = "2026-07-02T08:40:04.659Z" },
]
